
Microsoft Visual Studio Solution File, Format Version 12.00
# Visual Studio 2017
Project("{FAE04EC0-301F-11D3-BF4B-00C04F79EFBC}") = "SamsungGearVR", "SamsungGearVR.csproj", "{6073F68B-8A1E-A5F3-E7A2-046BBE6C7584}"
EndProject
Project("{FAE04EC0-301F-11D3-BF4B-00C04F79EFBC}") = "SamsungGearVR.Plugins", "SamsungGearVR.Plugins.csproj", "{2FEED1D0-4BB8-E51A-FF1B-7BC37A9454F0}"
EndProject
Project("{FAE04EC0-301F-11D3-BF4B-00C04F79EFBC}") = "SamsungGearVR.Editor", "SamsungGearVR.Editor.csproj", "{256B7EE2-A348-65F8-7551-E94150347B46}"
EndProject
Global
	GlobalSection(SolutionConfigurationPlatforms) = preSolution
		Debug|Any CPU = Debug|Any CPU
		Release|Any CPU = Release|Any CPU
	EndGlobalSection
	GlobalSection(ProjectConfigurationPlatforms) = postSolution
		{6073F68B-8A1E-A5F3-E7A2-046BBE6C7584}.Debug|Any CPU.ActiveCfg = Debug|Any CPU
		{6073F68B-8A1E-A5F3-E7A2-046BBE6C7584}.Debug|Any CPU.Build.0 = Debug|Any CPU
		{6073F68B-8A1E-A5F3-E7A2-046BBE6C7584}.Release|Any CPU.ActiveCfg = Release|Any CPU
		{6073F68B-8A1E-A5F3-E7A2-046BBE6C7584}.Release|Any CPU.Build.0 = Release|Any CPU
		{2FEED1D0-4BB8-E51A-FF1B-7BC37A9454F0}.Debug|Any CPU.ActiveCfg = Debug|Any CPU
		{2FEED1D0-4BB8-E51A-FF1B-7BC37A9454F0}.Debug|Any CPU.Build.0 = Debug|Any CPU
		{2FEED1D0-4BB8-E51A-FF1B-7BC37A9454F0}.Release|Any CPU.ActiveCfg = Release|Any CPU
		{2FEED1D0-4BB8-E51A-FF1B-7BC37A9454F0}.Release|Any CPU.Build.0 = Release|Any CPU
		{256B7EE2-A348-65F8-7551-E94150347B46}.Debug|Any CPU.ActiveCfg = Debug|Any CPU
		{256B7EE2-A348-65F8-7551-E94150347B46}.Debug|Any CPU.Build.0 = Debug|Any CPU
		{256B7EE2-A348-65F8-7551-E94150347B46}.Release|Any CPU.ActiveCfg = Release|Any CPU
		{256B7EE2-A348-65F8-7551-E94150347B46}.Release|Any CPU.Build.0 = Release|Any CPU
	EndGlobalSection
	GlobalSection(SolutionProperties) = preSolution
		HideSolutionNode = FALSE
	EndGlobalSection
EndGlobal
