
Microsoft Visual Studio Solution File, Format Version 12.00
# Visual Studio 2017
Project("{FAE04EC0-301F-11D3-BF4B-00C04F79EFBC}") = "VRApp", "VRApp.csproj", "{4C4BCA92-980E-41EE-D6B8-427D27C36721}"
EndProject
Project("{FAE04EC0-301F-11D3-BF4B-00C04F79EFBC}") = "VRApp.Editor", "VRApp.Editor.csproj", "{28025D97-DC7C-502F-CE30-7D90CB4647F5}"
EndProject
Global
	GlobalSection(SolutionConfigurationPlatforms) = preSolution
		Debug|Any CPU = Debug|Any CPU
		Release|Any CPU = Release|Any CPU
	EndGlobalSection
	GlobalSection(ProjectConfigurationPlatforms) = postSolution
		{4C4BCA92-980E-41EE-D6B8-427D27C36721}.Debug|Any CPU.ActiveCfg = Debug|Any CPU
		{4C4BCA92-980E-41EE-D6B8-427D27C36721}.Debug|Any CPU.Build.0 = Debug|Any CPU
		{4C4BCA92-980E-41EE-D6B8-427D27C36721}.Release|Any CPU.ActiveCfg = Release|Any CPU
		{4C4BCA92-980E-41EE-D6B8-427D27C36721}.Release|Any CPU.Build.0 = Release|Any CPU
		{28025D97-DC7C-502F-CE30-7D90CB4647F5}.Debug|Any CPU.ActiveCfg = Debug|Any CPU
		{28025D97-DC7C-502F-CE30-7D90CB4647F5}.Debug|Any CPU.Build.0 = Debug|Any CPU
		{28025D97-DC7C-502F-CE30-7D90CB4647F5}.Release|Any CPU.ActiveCfg = Release|Any CPU
		{28025D97-DC7C-502F-CE30-7D90CB4647F5}.Release|Any CPU.Build.0 = Release|Any CPU
	EndGlobalSection
	GlobalSection(SolutionProperties) = preSolution
		HideSolutionNode = FALSE
	EndGlobalSection
EndGlobal
